
Microsoft Visual Studio Solution File, Format Version 12.00
# Visual Studio Version 17
VisualStudioVersion = 17.7.34024.191
MinimumVisualStudioVersion = 10.0.40219.1
Project("{FAE04EC0-301F-11D3-BF4B-00C04F79EFBC}") = "Proj_Vaga_Dev", "Proj_Vaga_Dev\Proj_Vaga_Dev.csproj", "{569E1EEA-393C-4C5F-9B29-382CA2C4D699}"
EndProject
Global
	GlobalSection(SolutionConfigurationPlatforms) = preSolution
		Debug|Any CPU = Debug|Any CPU
		Release|Any CPU = Release|Any CPU
	EndGlobalSection
	GlobalSection(ProjectConfigurationPlatforms) = postSolution
		{569E1EEA-393C-4C5F-9B29-382CA2C4D699}.Debug|Any CPU.ActiveCfg = Debug|Any CPU
		{569E1EEA-393C-4C5F-9B29-382CA2C4D699}.Debug|Any CPU.Build.0 = Debug|Any CPU
		{569E1EEA-393C-4C5F-9B29-382CA2C4D699}.Release|Any CPU.ActiveCfg = Release|Any CPU
		{569E1EEA-393C-4C5F-9B29-382CA2C4D699}.Release|Any CPU.Build.0 = Release|Any CPU
	EndGlobalSection
	GlobalSection(SolutionProperties) = preSolution
		HideSolutionNode = FALSE
	EndGlobalSection
	GlobalSection(ExtensibilityGlobals) = postSolution
		SolutionGuid = {587605F9-FAF9-40D5-B4D4-CB8FA93E1290}
	EndGlobalSection
EndGlobal
